// !$*UTF8*$!
{
	archiveVersion = 1;
	classes = {
	};
	objectVersion = 46;
	objects = {

/* Begin PBXBuildFile section */
		F8A1B5511E880A8D00E76323 /* AppDelegate.swift in Sources */ = {isa = PBXBuildFile; fileRef = F8A1B5501E880A8D00E76323 /* AppDelegate.swift */; };
		F8A1B5531E880A8D00E76323 /* ViewController.swift in Sources */ = {isa = PBXBuildFile; fileRef = F8A1B5521E880A8D00E76323 /* ViewController.swift */; };
		F8A1B5561E880A8D00E76323 /* Main.storyboard in Resources */ = {isa = PBXBuildFile; fileRef = F8A1B5541E880A8D00E76323 /* Main.storyboard */; };
		F8A1B5581E880A8D00E76323 /* Assets.xcassets in Resources */ = {isa = PBXBuildFile; fileRef = F8A1B5571E880A8D00E76323 /* Assets.xcassets */; };
		F8A1B55B1E880A8D00E76323 /* LaunchScreen.storyboard in Resources */ = {isa = PBXBuildFile; fileRef = F8A1B5591E880A8D00E76323 /* LaunchScreen.storyboard */; };
/* End PBXBuildFile section */

/* Begin PBXFileReference section */
		F8A1B54D1E880A8C00E76323 /* 20170326_tableviewWithRefreshing_demo.app */ = {isa = PBXFileReference; explicitFileType = wrapper.application; includeInIndex = 0; path = 20170326_tableviewWithRefreshing_demo.app; sourceTree = BUILT_PRODUCTS_DIR; };
		F8A1B5501E880A8D00E76323 /* AppDelegate.swift */ = {isa = PBXFileReference; lastKnownFileType = sourcecode.swift; path = AppDelegate.swift; sourceTree = "<group>"; };
		F8A1B5521E880A8D00E76323 /* ViewController.swift */ = {isa = PBXFileReference; lastKnownFileType = sourcecode.swift; path = ViewController.swift; sourceTree = "<group>"; };
		F8A1B5551E880A8D00E76323 /* Base */ = {isa = PBXFileReference; lastKnownFileType = file.storyboard; name = Base; path = Base.lproj/Main.storyboard; sourceTree = "<group>"; };
		F8A1B5571E880A8D00E76323 /* Assets.xcassets */ = {isa = PBXFileReference; lastKnownFileType = folder.assetcatalog; path = Assets.xcassets; sourceTree = "<group>"; };
		F8A1B55A1E880A8D00E76323 /* Base */ = {isa = PBXFileReference; lastKnownFileType = file.storyboard; name = Base; path = Base.lproj/LaunchScreen.storyboard; sourceTree = "<group>"; };
		F8A1B55C1E880A8D00E76323 /* Info.plist */ = {isa = PBXFileReference; lastKnownFileType = text.plist.xml; path = Info.plist; sourceTree = "<group>"; };
/* End PBXFileReference section */

/* Begin PBXFrameworksBuildPhase section */
		F8A1B54A1E880A8C00E76323 /* Frameworks */ = {
			isa = PBXFrameworksBuildPhase;
			buildActionMask = 2147483647;
			files = (
			);
			runOnlyForDeploymentPostprocessing = 0;
		};
/* End PBXFrameworksBuildPhase section */

/* Begin PBXGroup section */
		F8A1B5441E880A8C00E76323 = {
			isa = PBXGroup;
			children = (
				F8A1B54F1E880A8C00E76323 /* 20170326_tableviewWithRefreshing_demo */,
				F8A1B54E1E880A8C00E76323 /* Products */,
			);
			sourceTree = "<group>";
		};
		F8A1B54E1E880A8C00E76323 /* Products */ = {
			isa = PBXGroup;
			children = (
				F8A1B54D1E880A8C00E76323 /* 20170326_tableviewWithRefreshing_demo.app */,
			);
			name = Products;
			sourceTree = "<group>";
		};
		F8A1B54F1E880A8C00E76323 /* 20170326_tableviewWithRefreshing_demo */ = {
			isa = PBXGroup;
			children = (
				F8A1B5501E880A8D00E76323 /* AppDelegate.swift */,
				F8A1B5521E880A8D00E76323 /* ViewController.swift */,
				F8A1B5541E880A8D00E76323 /* Main.storyboard */,
				F8A1B5571E880A8D00E76323 /* Assets.xcassets */,
				F8A1B5591E880A8D00E76323 /* LaunchScreen.storyboard */,
				F8A1B55C1E880A8D00E76323 /* Info.plist */,
			);
			path = 20170326_tableviewWithRefreshing_demo;
			sourceTree = "<group>";
		};
/* End PBXGroup section */

/* Begin PBXNativeTarget section */
		F8A1B54C1E880A8C00E76323 /* 20170326_tableviewWithRefreshing_demo */ = {
			isa = PBXNativeTarget;
			buildConfigurationList = F8A1B55F1E880A8D00E76323 /* Build configuration list for PBXNativeTarget "20170326_tableviewWithRefreshing_demo" */;
			buildPhases = (
				F8A1B5491E880A8C00E76323 /* Sources */,
				F8A1B54A1E880A8C00E76323 /* Frameworks */,
				F8A1B54B1E880A8C00E76323 /* Resources */,
			);
			buildRules = (
			);
			dependencies = (
			);
			name = 20170326_tableviewWithRefreshing_demo;
			productName = 20170326_tableviewWithRefreshing_demo;
			productReference = F8A1B54D1E880A8C00E76323 /* 20170326_tableviewWithRefreshing_demo.app */;
			productType = "com.apple.product-type.application";
		};
/* End PBXNativeTarget section */

/* Begin PBXProject section */
		F8A1B5451E880A8C00E76323 /* Project object */ = {
			isa = PBXProject;
			attributes = {
				LastSwiftUpdateCheck = 0820;
				LastUpgradeCheck = 0820;
				ORGANIZATIONNAME = "chen hsin hung";
				TargetAttributes = {
					F8A1B54C1E880A8C00E76323 = {
						CreatedOnToolsVersion = 8.2.1;
						DevelopmentTeam = 5DVD73DRC4;
						ProvisioningStyle = Automatic;
					};
				};
			};
			buildConfigurationList = F8A1B5481E880A8C00E76323 /* Build configuration list for PBXProject "20170326_tableviewWithRefreshing_demo" */;
			compatibilityVersion = "Xcode 3.2";
			developmentRegion = English;
			hasScannedForEncodings = 0;
			knownRegions = (
				en,
				Base,
			);
			mainGroup = F8A1B5441E880A8C00E76323;
			productRefGroup = F8A1B54E1E880A8C00E76323 /* Products */;
			projectDirPath = "";
			projectRoot = "";
			targets = (
				F8A1B54C1E880A8C00E76323 /* 20170326_tableviewWithRefreshing_demo */,
			);
		};
/* End PBXProject section */

/* Begin PBXResourcesBuildPhase section */
		F8A1B54B1E880A8C00E76323 /* Resources */ = {
			isa = PBXResourcesBuildPhase;
			buildActionMask = 2147483647;
			files = (
				F8A1B55B1E880A8D00E76323 /* LaunchScreen.storyboard in Resources */,
				F8A1B5581E880A8D00E76323 /* Assets.xcassets in Resources */,
				F8A1B5561E880A8D00E76323 /* Main.storyboard in Resources */,
			);
			runOnlyForDeploymentPostprocessing = 0;
		};
/* End PBXResourcesBuildPhase section */

/* Begin PBXSourcesBuildPhase section */
		F8A1B5491E880A8C00E76323 /* Sources */ = {
			isa = PBXSourcesBuildPhase;
			buildActionMask = 2147483647;
			files = (
				F8A1B5531E880A8D00E76323 /* ViewController.swift in Sources */,
				F8A1B5511E880A8D00E76323 /* AppDelegate.swift in Sources */,
			);
			runOnlyForDeploymentPostprocessing = 0;
		};
/* End PBXSourcesBuildPhase section */

/* Begin PBXVariantGroup section */
		F8A1B5541E880A8D00E76323 /* Main.storyboard */ = {
			isa = PBXVariantGroup;
			children = (
				F8A1B5551E880A8D00E76323 /* Base */,
			);
			name = Main.storyboard;
			sourceTree = "<group>";
		};
		F8A1B5591E880A8D00E76323 /* LaunchScreen.storyboard */ = {
			isa = PBXVariantGroup;
			children = (
				F8A1B55A1E880A8D00E76323 /* Base */,
			);
			name = LaunchScreen.storyboard;
			sourceTree = "<group>";
		};
/* End PBXVariantGroup section */

/* Begin XCBuildConfiguration section */
		F8A1B55D1E880A8D00E76323 /* Debug */ = {
			isa = XCBuildConfiguration;
			buildSettings = {
				ALWAYS_SEARCH_USER_PATHS = NO;
				CLANG_ANALYZER_NONNULL = YES;
				CLANG_CXX_LANGUAGE_STANDARD = "gnu++0x";
				CLANG_CXX_LIBRARY = "libc++";
				CLANG_ENABLE_MODULES = YES;
				CLANG_ENABLE_OBJC_ARC = YES;
				CLANG_WARN_BOOL_CONVERSION = YES;
				CLANG_WARN_CONSTANT_CONVERSION = YES;
				CLANG_WARN_DIRECT_OBJC_ISA_USAGE = YES_ERROR;
				CLANG_WARN_DOCUMENTATION_COMMENTS = YES;
				CLANG_WARN_EMPTY_BODY = YES;
				CLANG_WARN_ENUM_CONVERSION = YES;
				CLANG_WARN_INFINITE_RECURSION = YES;
				CLANG_WARN_INT_CONVERSION = YES;
				CLANG_WARN_OBJC_ROOT_CLASS = YES_ERROR;
				CLANG_WARN_SUSPICIOUS_MOVE = YES;
				CLANG_WARN_UNREACHABLE_CODE = YES;
				CLANG_WARN__DUPLICATE_METHOD_MATCH = YES;
				"CODE_SIGN_IDENTITY[sdk=iphoneos*]" = "iPhone Developer";
				COPY_PHASE_STRIP = NO;
				DEBUG_INFORMATION_FORMAT = dwarf;
				ENABLE_STRICT_OBJC_MSGSEND = YES;
				ENABLE_TESTABILITY = YES;
				GCC_C_LANGUAGE_STANDARD = gnu99;
				GCC_DYNAMIC_NO_PIC = NO;
				GCC_NO_COMMON_BLOCKS = YES;
				GCC_OPTIMIZATION_LEVEL = 0;
				GCC_PREPROCESSOR_DEFINITIONS = (
					"DEBUG=1",
					"$(inherited)",
				);
				GCC_WARN_64_TO_32_BIT_CONVERSION = YES;
				GCC_WARN_ABOUT_RETURN_TYPE = YES_ERROR;
				GCC_WARN_UNDECLARED_SELECTOR = YES;
				GCC_WARN_UNINITIALIZED_AUTOS = YES_AGGRESSIVE;
				GCC_WARN_UNUSED_FUNCTION = YES;
				GCC_WARN_UNUSED_VARIABLE = YES;
				IPHONEOS_DEPLOYMENT_TARGET = 10.2;
				MTL_ENABLE_DEBUG_INFO = YES;
				ONLY_ACTIVE_ARCH = YES;
				SDKROOT = iphoneos;
				SWIFT_ACTIVE_COMPILATION_CONDITIONS = DEBUG;
				SWIFT_OPTIMIZATION_LEVEL = "-Onone";
			};
			name = Debug;
		};
		F8A1B55E1E880A8D00E76323 /* Release */ = {
			isa = XCBuildConfiguration;
			buildSettings = {
				ALWAYS_SEARCH_USER_PATHS = NO;
				CLANG_ANALYZER_NONNULL = YES;
				CLANG_CXX_LANGUAGE_STANDARD = "gnu++0x";
				CLANG_CXX_LIBRARY = "libc++";
				CLANG_ENABLE_MODULES = YES;
				CLANG_ENABLE_OBJC_ARC = YES;
				CLANG_WARN_BOOL_CONVERSION = YES;
				CLANG_WARN_CONSTANT_CONVERSION = YES;
				CLANG_WARN_DIRECT_OBJC_ISA_USAGE = YES_ERROR;
				CLANG_WARN_DOCUMENTATION_COMMENTS = YES;
				CLANG_WARN_EMPTY_BODY = YES;
				CLANG_WARN_ENUM_CONVERSION = YES;
				CLANG_WARN_INFINITE_RECURSION = YES;
				CLANG_WARN_INT_CONVERSION = YES;
				CLANG_WARN_OBJC_ROOT_CLASS = YES_ERROR;
				CLANG_WARN_SUSPICIOUS_MOVE = YES;
				CLANG_WARN_UNREACHABLE_CODE = YES;
				CLANG_WARN__DUPLICATE_METHOD_MATCH = YES;
				"CODE_SIGN_IDENTITY[sdk=iphoneos*]" = "iPhone Developer";
				COPY_PHASE_STRIP = NO;
				DEBUG_INFORMATION_FORMAT = "dwarf-with-dsym";
				ENABLE_NS_ASSERTIONS = NO;
				ENABLE_STRICT_OBJC_MSGSEND = YES;
				GCC_C_LANGUAGE_STANDARD = gnu99;
				GCC_NO_COMMON_BLOCKS = YES;
				GCC_WARN_64_TO_32_BIT_CONVERSION = YES;
				GCC_WARN_ABOUT_RETURN_TYPE = YES_ERROR;
				GCC_WARN_UNDECLARED_SELECTOR = YES;
				GCC_WARN_UNINITIALIZED_AUTOS = YES_AGGRESSIVE;
				GCC_WARN_UNUSED_FUNCTION = YES;
				GCC_WARN_UNUSED_VARIABLE = YES;
				IPHONEOS_DEPLOYMENT_TARGET = 10.2;
				MTL_ENABLE_DEBUG_INFO = NO;
				SDKROOT = iphoneos;
				SWIFT_OPTIMIZATION_LEVEL = "-Owholemodule";
				VALIDATE_PRODUCT = YES;
			};
			name = Release;
		};
		F8A1B5601E880A8D00E76323 /* Debug */ = {
			isa = XCBuildConfiguration;
			buildSettings = {
				ASSETCATALOG_COMPILER_APPICON_NAME = AppIcon;
				DEVELOPMENT_TEAM = 5DVD73DRC4;
				INFOPLIST_FILE = 20170326_tableviewWithRefreshing_demo/Info.plist;
				LD_RUNPATH_SEARCH_PATHS = "$(inherited) @executable_path/Frameworks";
				PRODUCT_BUNDLE_IDENTIFIER = "test.-0170326-tableviewWithRefreshing-demo";
				PRODUCT_NAME = "$(TARGET_NAME)";
				SWIFT_VERSION = 3.0;
			};
			name = Debug;
		};
		F8A1B5611E880A8D00E76323 /* Release */ = {
			isa = XCBuildConfiguration;
			buildSettings = {
				ASSETCATALOG_COMPILER_APPICON_NAME = AppIcon;
				DEVELOPMENT_TEAM = 5DVD73DRC4;
				INFOPLIST_FILE = 20170326_tableviewWithRefreshing_demo/Info.plist;
				LD_RUNPATH_SEARCH_PATHS = "$(inherited) @executable_path/Frameworks";
				PRODUCT_BUNDLE_IDENTIFIER = "test.-0170326-tableviewWithRefreshing-demo";
				PRODUCT_NAME = "$(TARGET_NAME)";
				SWIFT_VERSION = 3.0;
			};
			name = Release;
		};
/* End XCBuildConfiguration section */

/* Begin XCConfigurationList section */
		F8A1B5481E880A8C00E76323 /* Build configuration list for PBXProject "20170326_tableviewWithRefreshing_demo" */ = {
			isa = XCConfigurationList;
			buildConfigurations = (
				F8A1B55D1E880A8D00E76323 /* Debug */,
				F8A1B55E1E880A8D00E76323 /* Release */,
			);
			defaultConfigurationIsVisible = 0;
			defaultConfigurationName = Release;
		};
		F8A1B55F1E880A8D00E76323 /* Build configuration list for PBXNativeTarget "20170326_tableviewWithRefreshing_demo" */ = {
			isa = XCConfigurationList;
			buildConfigurations = (
				F8A1B5601E880A8D00E76323 /* Debug */,
				F8A1B5611E880A8D00E76323 /* Release */,
			);
			defaultConfigurationIsVisible = 0;
		};
/* End XCConfigurationList section */
	};
	rootObject = F8A1B5451E880A8C00E76323 /* Project object */;
}
